// !$*UTF8*$!
{
	archiveVersion = 1;
	classes = {
	};
	objectVersion = 46;
	objects = {

/* Begin PBXBuildFile section */
		9A44F0D7146BD43000755059 /* Camera.cpp in Sources */ = {isa = PBXBuildFile; fileRef = 9A44F0D2146BD43000755059 /* Camera.cpp */; };
		9A44F0D8146BD43000755059 /* Img.cpp in Sources */ = {isa = PBXBuildFile; fileRef = 9A44F0D3146BD43000755059 /* Img.cpp */; };
		9A44F0D9146BD43000755059 /* main.cpp in Sources */ = {isa = PBXBuildFile; fileRef = 9A44F0D4146BD43000755059 /* main.cpp */; };
		9A44F0DA146BD43000755059 /* MCRayTracer.cpp in Sources */ = {isa = PBXBuildFile; fileRef = 9A44F0D5146BD43000755059 /* MCRayTracer.cpp */; };
		9A44F0DB146BD43000755059 /* Scene.cpp in Sources */ = {isa = PBXBuildFile; fileRef = 9A44F0D6146BD43000755059 /* Scene.cpp */; };
/* End PBXBuildFile section */

/* Begin PBXCopyFilesBuildPhase section */
		A017A0561461776000D77044 /* CopyFiles */ = {
			isa = PBXCopyFilesBuildPhase;
			buildActionMask = 2147483647;
			dstPath = /usr/share/man/man1/;
			dstSubfolderSpec = 0;
			files = (
			);
			runOnlyForDeploymentPostprocessing = 1;
		};
/* End PBXCopyFilesBuildPhase section */

/* Begin PBXFileReference section */
		9A44F0C2146BD43000755059 /* Camera.h */ = {isa = PBXFileReference; fileEncoding = 4; lastKnownFileType = sourcecode.c.h; name = Camera.h; path = ../../Camera.h; sourceTree = "<group>"; };
		9A44F0C3146BD43000755059 /* IMaterial.h */ = {isa = PBXFileReference; fileEncoding = 4; lastKnownFileType = sourcecode.c.h; name = IMaterial.h; path = ../../IMaterial.h; sourceTree = "<group>"; };
		9A44F0C4146BD43000755059 /* Img.h */ = {isa = PBXFileReference; fileEncoding = 4; lastKnownFileType = sourcecode.c.h; name = Img.h; path = ../../Img.h; sourceTree = "<group>"; };
		9A44F0C5146BD43000755059 /* ImplicitCornellBox.h */ = {isa = PBXFileReference; fileEncoding = 4; lastKnownFileType = sourcecode.c.h; name = ImplicitCornellBox.h; path = ../../ImplicitCornellBox.h; sourceTree = "<group>"; };
		9A44F0C6146BD43000755059 /* ImplicitObject.h */ = {isa = PBXFileReference; fileEncoding = 4; lastKnownFileType = sourcecode.c.h; name = ImplicitObject.h; path = ../../ImplicitObject.h; sourceTree = "<group>"; };
		9A44F0C7146BD43000755059 /* ImplicitPlane.h */ = {isa = PBXFileReference; fileEncoding = 4; lastKnownFileType = sourcecode.c.h; name = ImplicitPlane.h; path = ../../ImplicitPlane.h; sourceTree = "<group>"; };
		9A44F0C8146BD43000755059 /* ImplicitSphere.h */ = {isa = PBXFileReference; fileEncoding = 4; lastKnownFileType = sourcecode.c.h; name = ImplicitSphere.h; path = ../../ImplicitSphere.h; sourceTree = "<group>"; };
		9A44F0C9146BD43000755059 /* Mat4x4.h */ = {isa = PBXFileReference; fileEncoding = 4; lastKnownFileType = sourcecode.c.h; name = Mat4x4.h; path = ../../Mat4x4.h; sourceTree = "<group>"; };
		9A44F0CA146BD43000755059 /* MCRayTracer.h */ = {isa = PBXFileReference; fileEncoding = 4; lastKnownFileType = sourcecode.c.h; name = MCRayTracer.h; path = ../../MCRayTracer.h; sourceTree = "<group>"; };
		9A44F0CB146BD43000755059 /* PhongMaterial.h */ = {isa = PBXFileReference; fileEncoding = 4; lastKnownFileType = sourcecode.c.h; name = PhongMaterial.h; path = ../../PhongMaterial.h; sourceTree = "<group>"; };
		9A44F0CC146BD43000755059 /* PointLight.h */ = {isa = PBXFileReference; fileEncoding = 4; lastKnownFileType = sourcecode.c.h; name = PointLight.h; path = ../../PointLight.h; sourceTree = "<group>"; };
		9A44F0CD146BD43000755059 /* Ray.h */ = {isa = PBXFileReference; fileEncoding = 4; lastKnownFileType = sourcecode.c.h; name = Ray.h; path = ../../Ray.h; sourceTree = "<group>"; };
		9A44F0CE146BD43000755059 /* Scene.h */ = {isa = PBXFileReference; fileEncoding = 4; lastKnownFileType = sourcecode.c.h; name = Scene.h; path = ../../Scene.h; sourceTree = "<group>"; };
		9A44F0CF146BD43000755059 /* SimpleMaterial.h */ = {isa = PBXFileReference; fileEncoding = 4; lastKnownFileType = sourcecode.c.h; name = SimpleMaterial.h; path = ../../SimpleMaterial.h; sourceTree = "<group>"; };
		9A44F0D0146BD43000755059 /* Utility.h */ = {isa = PBXFileReference; fileEncoding = 4; lastKnownFileType = sourcecode.c.h; name = Utility.h; path = ../../Utility.h; sourceTree = "<group>"; };
		9A44F0D1146BD43000755059 /* Vector3.h */ = {isa = PBXFileReference; fileEncoding = 4; lastKnownFileType = sourcecode.c.h; name = Vector3.h; path = ../../Vector3.h; sourceTree = "<group>"; };
		9A44F0D2146BD43000755059 /* Camera.cpp */ = {isa = PBXFileReference; fileEncoding = 4; lastKnownFileType = sourcecode.cpp.cpp; name = Camera.cpp; path = ../../Camera.cpp; sourceTree = "<group>"; };
		9A44F0D3146BD43000755059 /* Img.cpp */ = {isa = PBXFileReference; fileEncoding = 4; lastKnownFileType = sourcecode.cpp.cpp; name = Img.cpp; path = ../../Img.cpp; sourceTree = "<group>"; };
		9A44F0D4146BD43000755059 /* main.cpp */ = {isa = PBXFileReference; fileEncoding = 4; lastKnownFileType = sourcecode.cpp.cpp; name = main.cpp; path = ../../main.cpp; sourceTree = "<group>"; };
		9A44F0D5146BD43000755059 /* MCRayTracer.cpp */ = {isa = PBXFileReference; fileEncoding = 4; lastKnownFileType = sourcecode.cpp.cpp; name = MCRayTracer.cpp; path = ../../MCRayTracer.cpp; sourceTree = "<group>"; };
		9A44F0D6146BD43000755059 /* Scene.cpp */ = {isa = PBXFileReference; fileEncoding = 4; lastKnownFileType = sourcecode.cpp.cpp; name = Scene.cpp; path = ../../Scene.cpp; sourceTree = "<group>"; };
		A017A0581461776000D77044 /* RayTracer */ = {isa = PBXFileReference; explicitFileType = "compiled.mach-o.executable"; includeInIndex = 0; path = RayTracer; sourceTree = BUILT_PRODUCTS_DIR; };
/* End PBXFileReference section */

/* Begin PBXFrameworksBuildPhase section */
		A017A0551461776000D77044 /* Frameworks */ = {
			isa = PBXFrameworksBuildPhase;
			buildActionMask = 2147483647;
			files = (
			);
			runOnlyForDeploymentPostprocessing = 0;
		};
/* End PBXFrameworksBuildPhase section */

/* Begin PBXGroup section */
		A017A04D1461776000D77044 = {
			isa = PBXGroup;
			children = (
				9A44F0C2146BD43000755059 /* Camera.h */,
				9A44F0C3146BD43000755059 /* IMaterial.h */,
				9A44F0C4146BD43000755059 /* Img.h */,
				9A44F0C5146BD43000755059 /* ImplicitCornellBox.h */,
				9A44F0C6146BD43000755059 /* ImplicitObject.h */,
				9A44F0C7146BD43000755059 /* ImplicitPlane.h */,
				9A44F0C8146BD43000755059 /* ImplicitSphere.h */,
				9A44F0C9146BD43000755059 /* Mat4x4.h */,
				9A44F0CA146BD43000755059 /* MCRayTracer.h */,
				9A44F0CB146BD43000755059 /* PhongMaterial.h */,
				9A44F0CC146BD43000755059 /* PointLight.h */,
				9A44F0CD146BD43000755059 /* Ray.h */,
				9A44F0CE146BD43000755059 /* Scene.h */,
				9A44F0CF146BD43000755059 /* SimpleMaterial.h */,
				9A44F0D0146BD43000755059 /* Utility.h */,
				9A44F0D1146BD43000755059 /* Vector3.h */,
				9A44F0D2146BD43000755059 /* Camera.cpp */,
				9A44F0D3146BD43000755059 /* Img.cpp */,
				9A44F0D4146BD43000755059 /* main.cpp */,
				9A44F0D5146BD43000755059 /* MCRayTracer.cpp */,
				9A44F0D6146BD43000755059 /* Scene.cpp */,
				A017A0591461776000D77044 /* Products */,
			);
			sourceTree = "<group>";
		};
		A017A0591461776000D77044 /* Products */ = {
			isa = PBXGroup;
			children = (
				A017A0581461776000D77044 /* RayTracer */,
			);
			name = Products;
			sourceTree = "<group>";
		};
/* End PBXGroup section */

/* Begin PBXNativeTarget section */
		A017A0571461776000D77044 /* RayTracer */ = {
			isa = PBXNativeTarget;
			buildConfigurationList = A017A0621461776000D77044 /* Build configuration list for PBXNativeTarget "RayTracer" */;
			buildPhases = (
				A017A0541461776000D77044 /* Sources */,
				A017A0551461776000D77044 /* Frameworks */,
				A017A0561461776000D77044 /* CopyFiles */,
			);
			buildRules = (
			);
			dependencies = (
			);
			name = RayTracer;
			productName = RayTracer;
			productReference = A017A0581461776000D77044 /* RayTracer */;
			productType = "com.apple.product-type.tool";
		};
/* End PBXNativeTarget section */

/* Begin PBXProject section */
		A017A04F1461776000D77044 /* Project object */ = {
			isa = PBXProject;
			attributes = {
				LastUpgradeCheck = 0420;
			};
			buildConfigurationList = A017A0521461776000D77044 /* Build configuration list for PBXProject "RayTracer" */;
			compatibilityVersion = "Xcode 3.2";
			developmentRegion = English;
			hasScannedForEncodings = 0;
			knownRegions = (
				en,
			);
			mainGroup = A017A04D1461776000D77044;
			productRefGroup = A017A0591461776000D77044 /* Products */;
			projectDirPath = "";
			projectRoot = "";
			targets = (
				A017A0571461776000D77044 /* RayTracer */,
			);
		};
/* End PBXProject section */

/* Begin PBXSourcesBuildPhase section */
		A017A0541461776000D77044 /* Sources */ = {
			isa = PBXSourcesBuildPhase;
			buildActionMask = 2147483647;
			files = (
				9A44F0D7146BD43000755059 /* Camera.cpp in Sources */,
				9A44F0D8146BD43000755059 /* Img.cpp in Sources */,
				9A44F0D9146BD43000755059 /* main.cpp in Sources */,
				9A44F0DA146BD43000755059 /* MCRayTracer.cpp in Sources */,
				9A44F0DB146BD43000755059 /* Scene.cpp in Sources */,
			);
			runOnlyForDeploymentPostprocessing = 0;
		};
/* End PBXSourcesBuildPhase section */

/* Begin XCBuildConfiguration section */
		A017A0601461776000D77044 /* Debug */ = {
			isa = XCBuildConfiguration;
			buildSettings = {
				ALWAYS_SEARCH_USER_PATHS = NO;
				ARCHS = "$(ARCHS_STANDARD_32_64_BIT)";
				CLANG_ENABLE_OBJC_ARC = YES;
				COPY_PHASE_STRIP = NO;
				GCC_C_LANGUAGE_STANDARD = gnu99;
				GCC_DYNAMIC_NO_PIC = NO;
				GCC_ENABLE_OBJC_EXCEPTIONS = YES;
				GCC_OPTIMIZATION_LEVEL = 0;
				GCC_PREPROCESSOR_DEFINITIONS = (
					"DEBUG=1",
					"$(inherited)",
				);
				GCC_SYMBOLS_PRIVATE_EXTERN = NO;
				GCC_VERSION = com.apple.compilers.llvm.clang.1_0;
				GCC_WARN_64_TO_32_BIT_CONVERSION = YES;
				GCC_WARN_ABOUT_MISSING_PROTOTYPES = YES;
				GCC_WARN_ABOUT_RETURN_TYPE = YES;
				GCC_WARN_UNUSED_VARIABLE = YES;
				HEADER_SEARCH_PATHS = "../../include/glm/**";
				MACOSX_DEPLOYMENT_TARGET = 10.7;
				ONLY_ACTIVE_ARCH = YES;
				SDKROOT = macosx;
			};
			name = Debug;
		};
		A017A0611461776000D77044 /* Release */ = {
			isa = XCBuildConfiguration;
			buildSettings = {
				ALWAYS_SEARCH_USER_PATHS = NO;
				ARCHS = "$(ARCHS_STANDARD_32_64_BIT)";
				CLANG_ENABLE_OBJC_ARC = YES;
				COPY_PHASE_STRIP = YES;
				DEBUG_INFORMATION_FORMAT = "dwarf-with-dsym";
				GCC_C_LANGUAGE_STANDARD = gnu99;
				GCC_ENABLE_OBJC_EXCEPTIONS = YES;
				GCC_VERSION = com.apple.compilers.llvm.clang.1_0;
				GCC_WARN_64_TO_32_BIT_CONVERSION = YES;
				GCC_WARN_ABOUT_MISSING_PROTOTYPES = YES;
				GCC_WARN_ABOUT_RETURN_TYPE = YES;
				GCC_WARN_UNUSED_VARIABLE = YES;
				HEADER_SEARCH_PATHS = "../../include/glm/**";
				MACOSX_DEPLOYMENT_TARGET = 10.7;
				SDKROOT = macosx;
			};
			name = Release;
		};
		A017A0631461776000D77044 /* Debug */ = {
			isa = XCBuildConfiguration;
			buildSettings = {
				PRODUCT_NAME = "$(TARGET_NAME)";
			};
			name = Debug;
		};
		A017A0641461776000D77044 /* Release */ = {
			isa = XCBuildConfiguration;
			buildSettings = {
				PRODUCT_NAME = "$(TARGET_NAME)";
			};
			name = Release;
		};
/* End XCBuildConfiguration section */

/* Begin XCConfigurationList section */
		A017A0521461776000D77044 /* Build configuration list for PBXProject "RayTracer" */ = {
			isa = XCConfigurationList;
			buildConfigurations = (
				A017A0601461776000D77044 /* Debug */,
				A017A0611461776000D77044 /* Release */,
			);
			defaultConfigurationIsVisible = 0;
			defaultConfigurationName = Release;
		};
		A017A0621461776000D77044 /* Build configuration list for PBXNativeTarget "RayTracer" */ = {
			isa = XCConfigurationList;
			buildConfigurations = (
				A017A0631461776000D77044 /* Debug */,
				A017A0641461776000D77044 /* Release */,
			);
			defaultConfigurationIsVisible = 0;
			defaultConfigurationName = Release;
		};
/* End XCConfigurationList section */
	};
	rootObject = A017A04F1461776000D77044 /* Project object */;
}
